
Microsoft Visual Studio Solution File, Format Version 12.00
# Visual Studio Version 17
VisualStudioVersion = 17.10.35004.147
MinimumVisualStudioVersion = 10.0.40219.1
Project("{FAE04EC0-301F-11D3-BF4B-00C04F79EFBC}") = "bai8_pheptinhcoban_radioButton", "bai8_pheptinhcoban_radioButton.csproj", "{3ADF3EC8-E8BC-4313-AAF1-6DF947FCDEEA}"
EndProject
Global
	GlobalSection(SolutionConfigurationPlatforms) = preSolution
		Debug|Any CPU = Debug|Any CPU
		Release|Any CPU = Release|Any CPU
	EndGlobalSection
	GlobalSection(ProjectConfigurationPlatforms) = postSolution
		{3ADF3EC8-E8BC-4313-AAF1-6DF947FCDEEA}.Debug|Any CPU.ActiveCfg = Debug|Any CPU
		{3ADF3EC8-E8BC-4313-AAF1-6DF947FCDEEA}.Debug|Any CPU.Build.0 = Debug|Any CPU
		{3ADF3EC8-E8BC-4313-AAF1-6DF947FCDEEA}.Release|Any CPU.ActiveCfg = Release|Any CPU
		{3ADF3EC8-E8BC-4313-AAF1-6DF947FCDEEA}.Release|Any CPU.Build.0 = Release|Any CPU
	EndGlobalSection
	GlobalSection(SolutionProperties) = preSolution
		HideSolutionNode = FALSE
	EndGlobalSection
	GlobalSection(ExtensibilityGlobals) = postSolution
		SolutionGuid = {186BC456-137C-4998-8187-2AC2B002FC8F}
	EndGlobalSection
EndGlobal
